
Microsoft Visual Studio Solution File, Format Version 12.00
# Visual Studio Version 16
VisualStudioVersion = 16.0.30406.217
MinimumVisualStudioVersion = 10.0.40219.1
Project("{FAE04EC0-301F-11D3-BF4B-00C04F79EFBC}") = "SecuredWeather", "SecuredWeather\SecuredWeather.csproj", "{52DE7A8A-233A-4DCF-A422-F9CB706EA628}"
EndProject
Global
	GlobalSection(SolutionConfigurationPlatforms) = preSolution
		Debug|Any CPU = Debug|Any CPU
		Release|Any CPU = Release|Any CPU
	EndGlobalSection
	GlobalSection(ProjectConfigurationPlatforms) = postSolution
		{52DE7A8A-233A-4DCF-A422-F9CB706EA628}.Debug|Any CPU.ActiveCfg = Debug|Any CPU
		{52DE7A8A-233A-4DCF-A422-F9CB706EA628}.Debug|Any CPU.Build.0 = Debug|Any CPU
		{52DE7A8A-233A-4DCF-A422-F9CB706EA628}.Release|Any CPU.ActiveCfg = Release|Any CPU
		{52DE7A8A-233A-4DCF-A422-F9CB706EA628}.Release|Any CPU.Build.0 = Release|Any CPU
	EndGlobalSection
	GlobalSection(SolutionProperties) = preSolution
		HideSolutionNode = FALSE
	EndGlobalSection
	GlobalSection(ExtensibilityGlobals) = postSolution
		SolutionGuid = {D0A5D11B-3DCE-4F45-9539-DF4AD96A7742}
	EndGlobalSection
EndGlobal
